
Microsoft Visual Studio Solution File, Format Version 12.00
Project("{FAE04EC0-301F-11D3-BF4B-00C04F79EFBC}") = "Iconic.Yaml", "Iconic.Yaml\Iconic.Yaml.csproj", "{D665521E-C577-4424-8957-B100F6FF185B}"
EndProject
Project("{FAE04EC0-301F-11D3-BF4B-00C04F79EFBC}") = "Iconic.Yaml.Tests", "Iconic.Yaml.Tests\Iconic.Yaml.Tests.csproj", "{39EE5F18-62E2-4117-8869-809E2E08FDC9}"
EndProject
Global
	GlobalSection(SolutionConfigurationPlatforms) = preSolution
		Debug|Any CPU = Debug|Any CPU
		Release|Any CPU = Release|Any CPU
	EndGlobalSection
	GlobalSection(ProjectConfigurationPlatforms) = postSolution
		{D665521E-C577-4424-8957-B100F6FF185B}.Debug|Any CPU.ActiveCfg = Debug|Any CPU
		{D665521E-C577-4424-8957-B100F6FF185B}.Debug|Any CPU.Build.0 = Debug|Any CPU
		{D665521E-C577-4424-8957-B100F6FF185B}.Release|Any CPU.ActiveCfg = Release|Any CPU
		{D665521E-C577-4424-8957-B100F6FF185B}.Release|Any CPU.Build.0 = Release|Any CPU
		{39EE5F18-62E2-4117-8869-809E2E08FDC9}.Debug|Any CPU.ActiveCfg = Debug|Any CPU
		{39EE5F18-62E2-4117-8869-809E2E08FDC9}.Debug|Any CPU.Build.0 = Debug|Any CPU
		{39EE5F18-62E2-4117-8869-809E2E08FDC9}.Release|Any CPU.ActiveCfg = Release|Any CPU
		{39EE5F18-62E2-4117-8869-809E2E08FDC9}.Release|Any CPU.Build.0 = Release|Any CPU
	EndGlobalSection
EndGlobal
